github.com/rwxrob/bonzai v0.14.3 h1:ZtpMXTksPJaHqpulA3VaON6xz68/dhBjvCu0/7OZX8Y=
github.com/rwxrob/bonzai v0.14.3/go.mod h1:K+O4f4s9P8vDufcT7gb0sWi/fc24gI3D+TeTbVF1oAM=
github.com/rwxrob/fn v0.3.3 h1:ymRQGWDhrrvoHKXLJ4WZlgI2qrC7gMOotowQMGvwmVQ=
github.com/rwxrob/fn v0.3.3/go.mod h1:omPqOqEB+dDna09z5pi5YFxq4IZqDvv3wFPUCES5LvY=
